
Microsoft Visual Studio Solution File, Format Version 12.00
# Visual Studio Version 16
VisualStudioVersion = 16.0.33027.164
MinimumVisualStudioVersion = 10.0.40219.1
Project("{9A19103F-16F7-4668-BE54-9A1E7A4F7556}") = "RoboApi", "Api\RoboApi.csproj", "{E09151E5-FA3F-4666-BFC7-857AF5444276}"
EndProject
Project("{9A19103F-16F7-4668-BE54-9A1E7A4F7556}") = "Application", "Application\Application.csproj", "{8DA25EBD-136B-419F-BFDB-2A9EF367C684}"
EndProject
Project("{9A19103F-16F7-4668-BE54-9A1E7A4F7556}") = "Core", "Core\Core.csproj", "{1FDE82E8-EE64-4E9E-B3E0-ED681D3F162D}"
EndProject
Project("{9A19103F-16F7-4668-BE54-9A1E7A4F7556}") = "Infrastructure", "Infrastructure\Infrastructure.csproj", "{BBFF3A00-B170-46E0-8013-55BC694AE7DE}"
EndProject
Project("{9A19103F-16F7-4668-BE54-9A1E7A4F7556}") = "UnitTests", "UnitTests\UnitTests.csproj", "{3EE1D31E-22AF-4464-80A9-977E5DD86629}"
EndProject
Global
	GlobalSection(SolutionConfigurationPlatforms) = preSolution
		Debug|Any CPU = Debug|Any CPU
		Release|Any CPU = Release|Any CPU
	EndGlobalSection
	GlobalSection(ProjectConfigurationPlatforms) = postSolution
		{E09151E5-FA3F-4666-BFC7-857AF5444276}.Debug|Any CPU.ActiveCfg = Debug|Any CPU
		{E09151E5-FA3F-4666-BFC7-857AF5444276}.Debug|Any CPU.Build.0 = Debug|Any CPU
		{E09151E5-FA3F-4666-BFC7-857AF5444276}.Release|Any CPU.ActiveCfg = Release|Any CPU
		{E09151E5-FA3F-4666-BFC7-857AF5444276}.Release|Any CPU.Build.0 = Release|Any CPU
		{8DA25EBD-136B-419F-BFDB-2A9EF367C684}.Debug|Any CPU.ActiveCfg = Debug|Any CPU
		{8DA25EBD-136B-419F-BFDB-2A9EF367C684}.Debug|Any CPU.Build.0 = Debug|Any CPU
		{8DA25EBD-136B-419F-BFDB-2A9EF367C684}.Release|Any CPU.ActiveCfg = Release|Any CPU
		{8DA25EBD-136B-419F-BFDB-2A9EF367C684}.Release|Any CPU.Build.0 = Release|Any CPU
		{1FDE82E8-EE64-4E9E-B3E0-ED681D3F162D}.Debug|Any CPU.ActiveCfg = Debug|Any CPU
		{1FDE82E8-EE64-4E9E-B3E0-ED681D3F162D}.Debug|Any CPU.Build.0 = Debug|Any CPU
		{1FDE82E8-EE64-4E9E-B3E0-ED681D3F162D}.Release|Any CPU.ActiveCfg = Release|Any CPU
		{1FDE82E8-EE64-4E9E-B3E0-ED681D3F162D}.Release|Any CPU.Build.0 = Release|Any CPU
		{BBFF3A00-B170-46E0-8013-55BC694AE7DE}.Debug|Any CPU.ActiveCfg = Debug|Any CPU
		{BBFF3A00-B170-46E0-8013-55BC694AE7DE}.Debug|Any CPU.Build.0 = Debug|Any CPU
		{BBFF3A00-B170-46E0-8013-55BC694AE7DE}.Release|Any CPU.ActiveCfg = Release|Any CPU
		{BBFF3A00-B170-46E0-8013-55BC694AE7DE}.Release|Any CPU.Build.0 = Release|Any CPU
		{3EE1D31E-22AF-4464-80A9-977E5DD86629}.Debug|Any CPU.ActiveCfg = Debug|Any CPU
		{3EE1D31E-22AF-4464-80A9-977E5DD86629}.Debug|Any CPU.Build.0 = Debug|Any CPU
		{3EE1D31E-22AF-4464-80A9-977E5DD86629}.Release|Any CPU.ActiveCfg = Release|Any CPU
		{3EE1D31E-22AF-4464-80A9-977E5DD86629}.Release|Any CPU.Build.0 = Release|Any CPU
	EndGlobalSection
	GlobalSection(SolutionProperties) = preSolution
		HideSolutionNode = FALSE
	EndGlobalSection
	GlobalSection(ExtensibilityGlobals) = postSolution
		SolutionGuid = {4818E51C-8ADD-4F33-ACFE-1295656C9715}
	EndGlobalSection
EndGlobal
